
Microsoft Visual Studio Solution File, Format Version 12.00
# Visual Studio 15
VisualStudioVersion = 15.0.28307.168
MinimumVisualStudioVersion = 10.0.40219.1
Project("{FAE04EC0-301F-11D3-BF4B-00C04F79EFBC}") = "ContactReader.Android", "ContactReader\ContactReader.Android\ContactReader.Android.csproj", "{92523CB4-6ED7-4F9E-8A52-9908CC67B9AE}"
EndProject
Project("{FAE04EC0-301F-11D3-BF4B-00C04F79EFBC}") = "ContactReader.iOS", "ContactReader\ContactReader.iOS\ContactReader.iOS.csproj", "{E6C8AEB5-43A0-48B5-A3D3-D737F7BD0D34}"
EndProject
Project("{FAE04EC0-301F-11D3-BF4B-00C04F79EFBC}") = "ContactReader", "ContactReader\ContactReader\ContactReader.csproj", "{82B76A96-C3DC-4C28-A55D-BA05B3A73893}"
EndProject
Global
	GlobalSection(SolutionConfigurationPlatforms) = preSolution
		Ad-Hoc|Any CPU = Ad-Hoc|Any CPU
		Ad-Hoc|iPhone = Ad-Hoc|iPhone
		Ad-Hoc|iPhoneSimulator = Ad-Hoc|iPhoneSimulator
		AppStore|Any CPU = AppStore|Any CPU
		AppStore|iPhone = AppStore|iPhone
		AppStore|iPhoneSimulator = AppStore|iPhoneSimulator
		Debug|Any CPU = Debug|Any CPU
		Debug|iPhone = Debug|iPhone
		Debug|iPhoneSimulator = Debug|iPhoneSimulator
		Release|Any CPU = Release|Any CPU
		Release|iPhone = Release|iPhone
		Release|iPhoneSimulator = Release|iPhoneSimulator
	EndGlobalSection
	GlobalSection(ProjectConfigurationPlatforms) = postSolution
		{92523CB4-6ED7-4F9E-8A52-9908CC67B9AE}.Ad-Hoc|Any CPU.ActiveCfg = Release|Any CPU
		{92523CB4-6ED7-4F9E-8A52-9908CC67B9AE}.Ad-Hoc|Any CPU.Build.0 = Release|Any CPU
		{92523CB4-6ED7-4F9E-8A52-9908CC67B9AE}.Ad-Hoc|Any CPU.Deploy.0 = Release|Any CPU
		{92523CB4-6ED7-4F9E-8A52-9908CC67B9AE}.Ad-Hoc|iPhone.ActiveCfg = Release|Any CPU
		{92523CB4-6ED7-4F9E-8A52-9908CC67B9AE}.Ad-Hoc|iPhone.Build.0 = Release|Any CPU
		{92523CB4-6ED7-4F9E-8A52-9908CC67B9AE}.Ad-Hoc|iPhone.Deploy.0 = Release|Any CPU
		{92523CB4-6ED7-4F9E-8A52-9908CC67B9AE}.Ad-Hoc|iPhoneSimulator.ActiveCfg = Release|Any CPU
		{92523CB4-6ED7-4F9E-8A52-9908CC67B9AE}.Ad-Hoc|iPhoneSimulator.Build.0 = Release|Any CPU
		{92523CB4-6ED7-4F9E-8A52-9908CC67B9AE}.Ad-Hoc|iPhoneSimulator.Deploy.0 = Release|Any CPU
		{92523CB4-6ED7-4F9E-8A52-9908CC67B9AE}.AppStore|Any CPU.ActiveCfg = Release|Any CPU
		{92523CB4-6ED7-4F9E-8A52-9908CC67B9AE}.AppStore|Any CPU.Build.0 = Release|Any CPU
		{92523CB4-6ED7-4F9E-8A52-9908CC67B9AE}.AppStore|Any CPU.Deploy.0 = Release|Any CPU
		{92523CB4-6ED7-4F9E-8A52-9908CC67B9AE}.AppStore|iPhone.ActiveCfg = Release|Any CPU
		{92523CB4-6ED7-4F9E-8A52-9908CC67B9AE}.AppStore|iPhone.Build.0 = Release|Any CPU
		{92523CB4-6ED7-4F9E-8A52-9908CC67B9AE}.AppStore|iPhone.Deploy.0 = Release|Any CPU
		{92523CB4-6ED7-4F9E-8A52-9908CC67B9AE}.AppStore|iPhoneSimulator.ActiveCfg = Release|Any CPU
		{92523CB4-6ED7-4F9E-8A52-9908CC67B9AE}.AppStore|iPhoneSimulator.Build.0 = Release|Any CPU
		{92523CB4-6ED7-4F9E-8A52-9908CC67B9AE}.AppStore|iPhoneSimulator.Deploy.0 = Release|Any CPU
		{92523CB4-6ED7-4F9E-8A52-9908CC67B9AE}.Debug|Any CPU.ActiveCfg = Debug|Any CPU
		{92523CB4-6ED7-4F9E-8A52-9908CC67B9AE}.Debug|Any CPU.Build.0 = Debug|Any CPU
		{92523CB4-6ED7-4F9E-8A52-9908CC67B9AE}.Debug|Any CPU.Deploy.0 = Debug|Any CPU
		{92523CB4-6ED7-4F9E-8A52-9908CC67B9AE}.Debug|iPhone.ActiveCfg = Debug|Any CPU
		{92523CB4-6ED7-4F9E-8A52-9908CC67B9AE}.Debug|iPhone.Build.0 = Debug|Any CPU
		{92523CB4-6ED7-4F9E-8A52-9908CC67B9AE}.Debug|iPhone.Deploy.0 = Debug|Any CPU
		{92523CB4-6ED7-4F9E-8A52-9908CC67B9AE}.Debug|iPhoneSimulator.ActiveCfg = Debug|Any CPU
		{92523CB4-6ED7-4F9E-8A52-9908CC67B9AE}.Debug|iPhoneSimulator.Build.0 = Debug|Any CPU
		{92523CB4-6ED7-4F9E-8A52-9908CC67B9AE}.Debug|iPhoneSimulator.Deploy.0 = Debug|Any CPU
		{92523CB4-6ED7-4F9E-8A52-9908CC67B9AE}.Release|Any CPU.ActiveCfg = Release|Any CPU
		{92523CB4-6ED7-4F9E-8A52-9908CC67B9AE}.Release|Any CPU.Build.0 = Release|Any CPU
		{92523CB4-6ED7-4F9E-8A52-9908CC67B9AE}.Release|Any CPU.Deploy.0 = Release|Any CPU
		{92523CB4-6ED7-4F9E-8A52-9908CC67B9AE}.Release|iPhone.ActiveCfg = Release|Any CPU
		{92523CB4-6ED7-4F9E-8A52-9908CC67B9AE}.Release|iPhone.Build.0 = Release|Any CPU
		{92523CB4-6ED7-4F9E-8A52-9908CC67B9AE}.Release|iPhone.Deploy.0 = Release|Any CPU
		{92523CB4-6ED7-4F9E-8A52-9908CC67B9AE}.Release|iPhoneSimulator.ActiveCfg = Release|Any CPU
		{92523CB4-6ED7-4F9E-8A52-9908CC67B9AE}.Release|iPhoneSimulator.Build.0 = Release|Any CPU
		{92523CB4-6ED7-4F9E-8A52-9908CC67B9AE}.Release|iPhoneSimulator.Deploy.0 = Release|Any CPU
		{E6C8AEB5-43A0-48B5-A3D3-D737F7BD0D34}.Ad-Hoc|Any CPU.ActiveCfg = Ad-Hoc|iPhone
		{E6C8AEB5-43A0-48B5-A3D3-D737F7BD0D34}.Ad-Hoc|Any CPU.Build.0 = Ad-Hoc|iPhone
		{E6C8AEB5-43A0-48B5-A3D3-D737F7BD0D34}.Ad-Hoc|Any CPU.Deploy.0 = Ad-Hoc|iPhone
		{E6C8AEB5-43A0-48B5-A3D3-D737F7BD0D34}.Ad-Hoc|iPhone.ActiveCfg = Ad-Hoc|iPhone
		{E6C8AEB5-43A0-48B5-A3D3-D737F7BD0D34}.Ad-Hoc|iPhone.Build.0 = Ad-Hoc|iPhone
		{E6C8AEB5-43A0-48B5-A3D3-D737F7BD0D34}.Ad-Hoc|iPhone.Deploy.0 = Ad-Hoc|iPhone
		{E6C8AEB5-43A0-48B5-A3D3-D737F7BD0D34}.Ad-Hoc|iPhoneSimulator.ActiveCfg = Ad-Hoc|iPhoneSimulator
		{E6C8AEB5-43A0-48B5-A3D3-D737F7BD0D34}.Ad-Hoc|iPhoneSimulator.Build.0 = Ad-Hoc|iPhoneSimulator
		{E6C8AEB5-43A0-48B5-A3D3-D737F7BD0D34}.Ad-Hoc|iPhoneSimulator.Deploy.0 = Ad-Hoc|iPhoneSimulator
		{E6C8AEB5-43A0-48B5-A3D3-D737F7BD0D34}.AppStore|Any CPU.ActiveCfg = AppStore|iPhone
		{E6C8AEB5-43A0-48B5-A3D3-D737F7BD0D34}.AppStore|Any CPU.Build.0 = AppStore|iPhone
		{E6C8AEB5-43A0-48B5-A3D3-D737F7BD0D34}.AppStore|Any CPU.Deploy.0 = AppStore|iPhone
		{E6C8AEB5-43A0-48B5-A3D3-D737F7BD0D34}.AppStore|iPhone.ActiveCfg = AppStore|iPhone
		{E6C8AEB5-43A0-48B5-A3D3-D737F7BD0D34}.AppStore|iPhone.Build.0 = AppStore|iPhone
		{E6C8AEB5-43A0-48B5-A3D3-D737F7BD0D34}.AppStore|iPhone.Deploy.0 = AppStore|iPhone
		{E6C8AEB5-43A0-48B5-A3D3-D737F7BD0D34}.AppStore|iPhoneSimulator.ActiveCfg = AppStore|iPhoneSimulator
		{E6C8AEB5-43A0-48B5-A3D3-D737F7BD0D34}.AppStore|iPhoneSimulator.Build.0 = AppStore|iPhoneSimulator
		{E6C8AEB5-43A0-48B5-A3D3-D737F7BD0D34}.AppStore|iPhoneSimulator.Deploy.0 = AppStore|iPhoneSimulator
		{E6C8AEB5-43A0-48B5-A3D3-D737F7BD0D34}.Debug|Any CPU.ActiveCfg = Debug|iPhoneSimulator
		{E6C8AEB5-43A0-48B5-A3D3-D737F7BD0D34}.Debug|Any CPU.Build.0 = Debug|iPhoneSimulator
		{E6C8AEB5-43A0-48B5-A3D3-D737F7BD0D34}.Debug|Any CPU.Deploy.0 = Debug|iPhoneSimulator
		{E6C8AEB5-43A0-48B5-A3D3-D737F7BD0D34}.Debug|iPhone.ActiveCfg = Debug|iPhone
		{E6C8AEB5-43A0-48B5-A3D3-D737F7BD0D34}.Debug|iPhone.Build.0 = Debug|iPhone
		{E6C8AEB5-43A0-48B5-A3D3-D737F7BD0D34}.Debug|iPhone.Deploy.0 = Debug|iPhone
		{E6C8AEB5-43A0-48B5-A3D3-D737F7BD0D34}.Debug|iPhoneSimulator.ActiveCfg = Debug|iPhoneSimulator
		{E6C8AEB5-43A0-48B5-A3D3-D737F7BD0D34}.Debug|iPhoneSimulator.Build.0 = Debug|iPhoneSimulator
		{E6C8AEB5-43A0-48B5-A3D3-D737F7BD0D34}.Debug|iPhoneSimulator.Deploy.0 = Debug|iPhoneSimulator
		{E6C8AEB5-43A0-48B5-A3D3-D737F7BD0D34}.Release|Any CPU.ActiveCfg = Release|iPhone
		{E6C8AEB5-43A0-48B5-A3D3-D737F7BD0D34}.Release|Any CPU.Build.0 = Release|iPhone
		{E6C8AEB5-43A0-48B5-A3D3-D737F7BD0D34}.Release|Any CPU.Deploy.0 = Release|iPhone
		{E6C8AEB5-43A0-48B5-A3D3-D737F7BD0D34}.Release|iPhone.ActiveCfg = Release|iPhone
		{E6C8AEB5-43A0-48B5-A3D3-D737F7BD0D34}.Release|iPhone.Build.0 = Release|iPhone
		{E6C8AEB5-43A0-48B5-A3D3-D737F7BD0D34}.Release|iPhone.Deploy.0 = Release|iPhone
		{E6C8AEB5-43A0-48B5-A3D3-D737F7BD0D34}.Release|iPhoneSimulator.ActiveCfg = Release|iPhoneSimulator
		{E6C8AEB5-43A0-48B5-A3D3-D737F7BD0D34}.Release|iPhoneSimulator.Build.0 = Release|iPhoneSimulator
		{E6C8AEB5-43A0-48B5-A3D3-D737F7BD0D34}.Release|iPhoneSimulator.Deploy.0 = Release|iPhoneSimulator
		{82B76A96-C3DC-4C28-A55D-BA05B3A73893}.Ad-Hoc|Any CPU.ActiveCfg = Debug|Any CPU
		{82B76A96-C3DC-4C28-A55D-BA05B3A73893}.Ad-Hoc|Any CPU.Build.0 = Debug|Any CPU
		{82B76A96-C3DC-4C28-A55D-BA05B3A73893}.Ad-Hoc|Any CPU.Deploy.0 = Debug|Any CPU
		{82B76A96-C3DC-4C28-A55D-BA05B3A73893}.Ad-Hoc|iPhone.ActiveCfg = Debug|Any CPU
		{82B76A96-C3DC-4C28-A55D-BA05B3A73893}.Ad-Hoc|iPhone.Build.0 = Debug|Any CPU
		{82B76A96-C3DC-4C28-A55D-BA05B3A73893}.Ad-Hoc|iPhone.Deploy.0 = Debug|Any CPU
		{82B76A96-C3DC-4C28-A55D-BA05B3A73893}.Ad-Hoc|iPhoneSimulator.ActiveCfg = Debug|Any CPU
		{82B76A96-C3DC-4C28-A55D-BA05B3A73893}.Ad-Hoc|iPhoneSimulator.Build.0 = Debug|Any CPU
		{82B76A96-C3DC-4C28-A55D-BA05B3A73893}.Ad-Hoc|iPhoneSimulator.Deploy.0 = Debug|Any CPU
		{82B76A96-C3DC-4C28-A55D-BA05B3A73893}.AppStore|Any CPU.ActiveCfg = Debug|Any CPU
		{82B76A96-C3DC-4C28-A55D-BA05B3A73893}.AppStore|Any CPU.Build.0 = Debug|Any CPU
		{82B76A96-C3DC-4C28-A55D-BA05B3A73893}.AppStore|Any CPU.Deploy.0 = Debug|Any CPU
		{82B76A96-C3DC-4C28-A55D-BA05B3A73893}.AppStore|iPhone.ActiveCfg = Debug|Any CPU
		{82B76A96-C3DC-4C28-A55D-BA05B3A73893}.AppStore|iPhone.Build.0 = Debug|Any CPU
		{82B76A96-C3DC-4C28-A55D-BA05B3A73893}.AppStore|iPhone.Deploy.0 = Debug|Any CPU
		{82B76A96-C3DC-4C28-A55D-BA05B3A73893}.AppStore|iPhoneSimulator.ActiveCfg = Debug|Any CPU
		{82B76A96-C3DC-4C28-A55D-BA05B3A73893}.AppStore|iPhoneSimulator.Build.0 = Debug|Any CPU
		{82B76A96-C3DC-4C28-A55D-BA05B3A73893}.AppStore|iPhoneSimulator.Deploy.0 = Debug|Any CPU
		{82B76A96-C3DC-4C28-A55D-BA05B3A73893}.Debug|Any CPU.ActiveCfg = Debug|Any CPU
		{82B76A96-C3DC-4C28-A55D-BA05B3A73893}.Debug|Any CPU.Build.0 = Debug|Any CPU
		{82B76A96-C3DC-4C28-A55D-BA05B3A73893}.Debug|Any CPU.Deploy.0 = Debug|Any CPU
		{82B76A96-C3DC-4C28-A55D-BA05B3A73893}.Debug|iPhone.ActiveCfg = Debug|Any CPU
		{82B76A96-C3DC-4C28-A55D-BA05B3A73893}.Debug|iPhone.Build.0 = Debug|Any CPU
		{82B76A96-C3DC-4C28-A55D-BA05B3A73893}.Debug|iPhone.Deploy.0 = Debug|Any CPU
		{82B76A96-C3DC-4C28-A55D-BA05B3A73893}.Debug|iPhoneSimulator.ActiveCfg = Debug|Any CPU
		{82B76A96-C3DC-4C28-A55D-BA05B3A73893}.Debug|iPhoneSimulator.Build.0 = Debug|Any CPU
		{82B76A96-C3DC-4C28-A55D-BA05B3A73893}.Debug|iPhoneSimulator.Deploy.0 = Debug|Any CPU
		{82B76A96-C3DC-4C28-A55D-BA05B3A73893}.Release|Any CPU.ActiveCfg = Release|Any CPU
		{82B76A96-C3DC-4C28-A55D-BA05B3A73893}.Release|Any CPU.Build.0 = Release|Any CPU
		{82B76A96-C3DC-4C28-A55D-BA05B3A73893}.Release|Any CPU.Deploy.0 = Release|Any CPU
		{82B76A96-C3DC-4C28-A55D-BA05B3A73893}.Release|iPhone.ActiveCfg = Release|Any CPU
		{82B76A96-C3DC-4C28-A55D-BA05B3A73893}.Release|iPhone.Build.0 = Release|Any CPU
		{82B76A96-C3DC-4C28-A55D-BA05B3A73893}.Release|iPhone.Deploy.0 = Release|Any CPU
		{82B76A96-C3DC-4C28-A55D-BA05B3A73893}.Release|iPhoneSimulator.ActiveCfg = Release|Any CPU
		{82B76A96-C3DC-4C28-A55D-BA05B3A73893}.Release|iPhoneSimulator.Build.0 = Release|Any CPU
		{82B76A96-C3DC-4C28-A55D-BA05B3A73893}.Release|iPhoneSimulator.Deploy.0 = Release|Any CPU
	EndGlobalSection
	GlobalSection(SolutionProperties) = preSolution
		HideSolutionNode = FALSE
	EndGlobalSection
	GlobalSection(ExtensibilityGlobals) = postSolution
		SolutionGuid = {620CAF19-46A3-4948-A618-23F33DDF36BB}
	EndGlobalSection
EndGlobal
